
Microsoft Visual Studio Solution File, Format Version 12.00
# Visual Studio Version 17
VisualStudioVersion = 17.2.32526.322
MinimumVisualStudioVersion = 10.0.40219.1
Project("{F184B08F-C81C-45F6-A57F-5ABD9991F28F}") = "CircuitDrawing", "CircuitDrawing\CircuitDrawing.vbproj", "{E2686040-012F-429D-A46A-9387426DD2BE}"
EndProject
Project("{F184B08F-C81C-45F6-A57F-5ABD9991F28F}") = "WindowRenderer", "WindowRenderer\WindowRenderer.vbproj", "{7CA40CA6-01F2-4875-83C9-542E18D6530D}"
EndProject
Global
	GlobalSection(SolutionConfigurationPlatforms) = preSolution
		Debug|Any CPU = Debug|Any CPU
		Release|Any CPU = Release|Any CPU
	EndGlobalSection
	GlobalSection(ProjectConfigurationPlatforms) = postSolution
		{E2686040-012F-429D-A46A-9387426DD2BE}.Debug|Any CPU.ActiveCfg = Debug|Any CPU
		{E2686040-012F-429D-A46A-9387426DD2BE}.Debug|Any CPU.Build.0 = Debug|Any CPU
		{E2686040-012F-429D-A46A-9387426DD2BE}.Release|Any CPU.ActiveCfg = Release|Any CPU
		{E2686040-012F-429D-A46A-9387426DD2BE}.Release|Any CPU.Build.0 = Release|Any CPU
		{7CA40CA6-01F2-4875-83C9-542E18D6530D}.Debug|Any CPU.ActiveCfg = Debug|Any CPU
		{7CA40CA6-01F2-4875-83C9-542E18D6530D}.Debug|Any CPU.Build.0 = Debug|Any CPU
		{7CA40CA6-01F2-4875-83C9-542E18D6530D}.Release|Any CPU.ActiveCfg = Release|Any CPU
		{7CA40CA6-01F2-4875-83C9-542E18D6530D}.Release|Any CPU.Build.0 = Release|Any CPU
	EndGlobalSection
	GlobalSection(SolutionProperties) = preSolution
		HideSolutionNode = FALSE
	EndGlobalSection
	GlobalSection(ExtensibilityGlobals) = postSolution
		SolutionGuid = {A7395859-5923-4726-A87A-05D0063BEB37}
	EndGlobalSection
EndGlobal
